
Microsoft Visual Studio Solution File, Format Version 12.00
# Visual Studio Version 16
VisualStudioVersion = 16.0.29123.88
MinimumVisualStudioVersion = 10.0.40219.1
Project("{9A19103F-16F7-4668-BE54-9A1E7A4F7556}") = "BlazorTest", "BlazorTest\BlazorTest.csproj", "{CEB76618-1E8F-4551-85E7-D9B5D7BCEB14}"
EndProject
Project("{9A19103F-16F7-4668-BE54-9A1E7A4F7556}") = "BlazorComponent", "F:\source\BlazorComponent\BlazorComponent.csproj", "{45B05508-8DBB-4C68-B933-69AEE674FC3A}"
EndProject
Global
	GlobalSection(SolutionConfigurationPlatforms) = preSolution
		Debug|Any CPU = Debug|Any CPU
		Release|Any CPU = Release|Any CPU
	EndGlobalSection
	GlobalSection(ProjectConfigurationPlatforms) = postSolution
		{CEB76618-1E8F-4551-85E7-D9B5D7BCEB14}.Debug|Any CPU.ActiveCfg = Debug|Any CPU
		{CEB76618-1E8F-4551-85E7-D9B5D7BCEB14}.Debug|Any CPU.Build.0 = Debug|Any CPU
		{CEB76618-1E8F-4551-85E7-D9B5D7BCEB14}.Release|Any CPU.ActiveCfg = Release|Any CPU
		{CEB76618-1E8F-4551-85E7-D9B5D7BCEB14}.Release|Any CPU.Build.0 = Release|Any CPU
		{45B05508-8DBB-4C68-B933-69AEE674FC3A}.Debug|Any CPU.ActiveCfg = Debug|Any CPU
		{45B05508-8DBB-4C68-B933-69AEE674FC3A}.Debug|Any CPU.Build.0 = Debug|Any CPU
		{45B05508-8DBB-4C68-B933-69AEE674FC3A}.Release|Any CPU.ActiveCfg = Release|Any CPU
		{45B05508-8DBB-4C68-B933-69AEE674FC3A}.Release|Any CPU.Build.0 = Release|Any CPU
	EndGlobalSection
	GlobalSection(SolutionProperties) = preSolution
		HideSolutionNode = FALSE
	EndGlobalSection
	GlobalSection(ExtensibilityGlobals) = postSolution
		SolutionGuid = {5CDF88AD-57E5-450E-AF47-B109C604A202}
	EndGlobalSection
EndGlobal
