
Microsoft Visual Studio Solution File, Format Version 12.00
# Visual Studio Version 16
VisualStudioVersion = 16.0.29123.89
MinimumVisualStudioVersion = 10.0.40219.1
Project("{9A19103F-16F7-4668-BE54-9A1E7A4F7556}") = "BlazorComponent", "BlazorComponent\BlazorComponent.csproj", "{4C5BE8FC-A28E-408C-A2DA-7CFC9706DD0F}"
EndProject
Project("{9A19103F-16F7-4668-BE54-9A1E7A4F7556}") = "BlazorDataGrid", "BlazorDataGrid\BlazorDataGrid.csproj", "{B0D995CA-B870-4BB0-B706-74B5D3AB6BC7}"
EndProject
Project("{9A19103F-16F7-4668-BE54-9A1E7A4F7556}") = "BlazorTabsComponent", "BlazorTabsComponent\BlazorTabsComponent.csproj", "{71970260-F593-4D3A-9847-3F3BA845606B}"
EndProject
Project("{9A19103F-16F7-4668-BE54-9A1E7A4F7556}") = "BlazorSelectComponent", "BlazorSelectComponent\BlazorSelectComponent.csproj", "{CA1A98ED-6BE8-424D-B133-A88A43DDE688}"
EndProject
Global
	GlobalSection(SolutionConfigurationPlatforms) = preSolution
		Debug|Any CPU = Debug|Any CPU
		Release|Any CPU = Release|Any CPU
	EndGlobalSection
	GlobalSection(ProjectConfigurationPlatforms) = postSolution
		{4C5BE8FC-A28E-408C-A2DA-7CFC9706DD0F}.Debug|Any CPU.ActiveCfg = Debug|Any CPU
		{4C5BE8FC-A28E-408C-A2DA-7CFC9706DD0F}.Debug|Any CPU.Build.0 = Debug|Any CPU
		{4C5BE8FC-A28E-408C-A2DA-7CFC9706DD0F}.Release|Any CPU.ActiveCfg = Release|Any CPU
		{4C5BE8FC-A28E-408C-A2DA-7CFC9706DD0F}.Release|Any CPU.Build.0 = Release|Any CPU
		{B0D995CA-B870-4BB0-B706-74B5D3AB6BC7}.Debug|Any CPU.ActiveCfg = Debug|Any CPU
		{B0D995CA-B870-4BB0-B706-74B5D3AB6BC7}.Debug|Any CPU.Build.0 = Debug|Any CPU
		{B0D995CA-B870-4BB0-B706-74B5D3AB6BC7}.Release|Any CPU.ActiveCfg = Release|Any CPU
		{B0D995CA-B870-4BB0-B706-74B5D3AB6BC7}.Release|Any CPU.Build.0 = Release|Any CPU
		{71970260-F593-4D3A-9847-3F3BA845606B}.Debug|Any CPU.ActiveCfg = Debug|Any CPU
		{71970260-F593-4D3A-9847-3F3BA845606B}.Debug|Any CPU.Build.0 = Debug|Any CPU
		{71970260-F593-4D3A-9847-3F3BA845606B}.Release|Any CPU.ActiveCfg = Release|Any CPU
		{71970260-F593-4D3A-9847-3F3BA845606B}.Release|Any CPU.Build.0 = Release|Any CPU
		{CA1A98ED-6BE8-424D-B133-A88A43DDE688}.Debug|Any CPU.ActiveCfg = Debug|Any CPU
		{CA1A98ED-6BE8-424D-B133-A88A43DDE688}.Debug|Any CPU.Build.0 = Debug|Any CPU
		{CA1A98ED-6BE8-424D-B133-A88A43DDE688}.Release|Any CPU.ActiveCfg = Release|Any CPU
		{CA1A98ED-6BE8-424D-B133-A88A43DDE688}.Release|Any CPU.Build.0 = Release|Any CPU
	EndGlobalSection
	GlobalSection(SolutionProperties) = preSolution
		HideSolutionNode = FALSE
	EndGlobalSection
	GlobalSection(ExtensibilityGlobals) = postSolution
		SolutionGuid = {C423C5B2-23DF-46C7-9DCA-176A6FA33B1A}
	EndGlobalSection
EndGlobal
