
Microsoft Visual Studio Solution File, Format Version 12.00
# Visual Studio Version 16
VisualStudioVersion = 16.0.29123.89
MinimumVisualStudioVersion = 10.0.40219.1
Project("{9A19103F-16F7-4668-BE54-9A1E7A4F7556}") = "BlazorComponent", "BlazorComponent\BlazorComponent.csproj", "{4C5BE8FC-A28E-408C-A2DA-7CFC9706DD0F}"
EndProject
Project("{9A19103F-16F7-4668-BE54-9A1E7A4F7556}") = "BlazorSelectComponent", "BlazorSelectComponent\BlazorSelectComponent.csproj", "{CA1A98ED-6BE8-424D-B133-A88A43DDE688}"
EndProject
Project("{9A19103F-16F7-4668-BE54-9A1E7A4F7556}") = "BlazorDatagridTests", "BlazorDatagridTests\BlazorDatagridTests.csproj", "{610AB3F7-CA21-433A-B19B-D647180803EF}"
EndProject
Project("{9A19103F-16F7-4668-BE54-9A1E7A4F7556}") = "BlazorInput", "BlazorInput\BlazorInput.csproj", "{F26C352B-7103-460E-8B39-BC81C8A29379}"
EndProject
Project("{9A19103F-16F7-4668-BE54-9A1E7A4F7556}") = "BlazorNTooltip", "BlazorNTooltip\BlazorNTooltip.csproj", "{6F2BE4DD-7AC3-43FB-BA27-AEB536E11C8B}"
EndProject
Project("{9A19103F-16F7-4668-BE54-9A1E7A4F7556}") = "BlazorNtabs", "BlazorNtabs\BlazorNtabs.csproj", "{A323AAE6-E9A0-4BFA-8C2F-44415CAC50D9}"
EndProject
Project("{9A19103F-16F7-4668-BE54-9A1E7A4F7556}") = "BlazorNInput", "BlazorNInput\BlazorNInput.csproj", "{3579FE89-47B4-40C9-A756-80BAD63D280F}"
EndProject
Project("{FAE04EC0-301F-11D3-BF4B-00C04F79EFBC}") = "TestJsIsolation", "TestJsIsolation\TestJsIsolation.csproj", "{4CCC79B3-C9CD-4E1C-974F-923464D9E942}"
EndProject
Project("{FAE04EC0-301F-11D3-BF4B-00C04F79EFBC}") = "BlazorNDataGrid", "BlazorNDataGrid\BlazorNDataGrid.csproj", "{08D5BF63-D5D1-4C94-BFF6-BF86285F89FE}"
EndProject
Global
	GlobalSection(SolutionConfigurationPlatforms) = preSolution
		Debug|Any CPU = Debug|Any CPU
		Release|Any CPU = Release|Any CPU
	EndGlobalSection
	GlobalSection(ProjectConfigurationPlatforms) = postSolution
		{4C5BE8FC-A28E-408C-A2DA-7CFC9706DD0F}.Debug|Any CPU.ActiveCfg = Debug|Any CPU
		{4C5BE8FC-A28E-408C-A2DA-7CFC9706DD0F}.Debug|Any CPU.Build.0 = Debug|Any CPU
		{4C5BE8FC-A28E-408C-A2DA-7CFC9706DD0F}.Release|Any CPU.ActiveCfg = Release|Any CPU
		{4C5BE8FC-A28E-408C-A2DA-7CFC9706DD0F}.Release|Any CPU.Build.0 = Release|Any CPU
		{CA1A98ED-6BE8-424D-B133-A88A43DDE688}.Debug|Any CPU.ActiveCfg = Debug|Any CPU
		{CA1A98ED-6BE8-424D-B133-A88A43DDE688}.Debug|Any CPU.Build.0 = Debug|Any CPU
		{CA1A98ED-6BE8-424D-B133-A88A43DDE688}.Release|Any CPU.ActiveCfg = Release|Any CPU
		{CA1A98ED-6BE8-424D-B133-A88A43DDE688}.Release|Any CPU.Build.0 = Release|Any CPU
		{610AB3F7-CA21-433A-B19B-D647180803EF}.Debug|Any CPU.ActiveCfg = Debug|Any CPU
		{610AB3F7-CA21-433A-B19B-D647180803EF}.Debug|Any CPU.Build.0 = Debug|Any CPU
		{610AB3F7-CA21-433A-B19B-D647180803EF}.Release|Any CPU.ActiveCfg = Release|Any CPU
		{610AB3F7-CA21-433A-B19B-D647180803EF}.Release|Any CPU.Build.0 = Release|Any CPU
		{F26C352B-7103-460E-8B39-BC81C8A29379}.Debug|Any CPU.ActiveCfg = Debug|Any CPU
		{F26C352B-7103-460E-8B39-BC81C8A29379}.Debug|Any CPU.Build.0 = Debug|Any CPU
		{F26C352B-7103-460E-8B39-BC81C8A29379}.Release|Any CPU.ActiveCfg = Release|Any CPU
		{F26C352B-7103-460E-8B39-BC81C8A29379}.Release|Any CPU.Build.0 = Release|Any CPU
		{6F2BE4DD-7AC3-43FB-BA27-AEB536E11C8B}.Debug|Any CPU.ActiveCfg = Debug|Any CPU
		{6F2BE4DD-7AC3-43FB-BA27-AEB536E11C8B}.Debug|Any CPU.Build.0 = Debug|Any CPU
		{6F2BE4DD-7AC3-43FB-BA27-AEB536E11C8B}.Release|Any CPU.ActiveCfg = Release|Any CPU
		{6F2BE4DD-7AC3-43FB-BA27-AEB536E11C8B}.Release|Any CPU.Build.0 = Release|Any CPU
		{A323AAE6-E9A0-4BFA-8C2F-44415CAC50D9}.Debug|Any CPU.ActiveCfg = Debug|Any CPU
		{A323AAE6-E9A0-4BFA-8C2F-44415CAC50D9}.Debug|Any CPU.Build.0 = Debug|Any CPU
		{A323AAE6-E9A0-4BFA-8C2F-44415CAC50D9}.Release|Any CPU.ActiveCfg = Release|Any CPU
		{A323AAE6-E9A0-4BFA-8C2F-44415CAC50D9}.Release|Any CPU.Build.0 = Release|Any CPU
		{3579FE89-47B4-40C9-A756-80BAD63D280F}.Debug|Any CPU.ActiveCfg = Debug|Any CPU
		{3579FE89-47B4-40C9-A756-80BAD63D280F}.Debug|Any CPU.Build.0 = Debug|Any CPU
		{3579FE89-47B4-40C9-A756-80BAD63D280F}.Release|Any CPU.ActiveCfg = Release|Any CPU
		{3579FE89-47B4-40C9-A756-80BAD63D280F}.Release|Any CPU.Build.0 = Release|Any CPU
		{4CCC79B3-C9CD-4E1C-974F-923464D9E942}.Debug|Any CPU.ActiveCfg = Debug|Any CPU
		{4CCC79B3-C9CD-4E1C-974F-923464D9E942}.Debug|Any CPU.Build.0 = Debug|Any CPU
		{4CCC79B3-C9CD-4E1C-974F-923464D9E942}.Release|Any CPU.ActiveCfg = Release|Any CPU
		{4CCC79B3-C9CD-4E1C-974F-923464D9E942}.Release|Any CPU.Build.0 = Release|Any CPU
		{08D5BF63-D5D1-4C94-BFF6-BF86285F89FE}.Debug|Any CPU.ActiveCfg = Debug|Any CPU
		{08D5BF63-D5D1-4C94-BFF6-BF86285F89FE}.Debug|Any CPU.Build.0 = Debug|Any CPU
		{08D5BF63-D5D1-4C94-BFF6-BF86285F89FE}.Release|Any CPU.ActiveCfg = Release|Any CPU
		{08D5BF63-D5D1-4C94-BFF6-BF86285F89FE}.Release|Any CPU.Build.0 = Release|Any CPU
	EndGlobalSection
	GlobalSection(SolutionProperties) = preSolution
		HideSolutionNode = FALSE
	EndGlobalSection
	GlobalSection(ExtensibilityGlobals) = postSolution
		SolutionGuid = {C423C5B2-23DF-46C7-9DCA-176A6FA33B1A}
	EndGlobalSection
EndGlobal
